
Microsoft Visual Studio Solution File, Format Version 12.00
Project("{FAE04EC0-301F-11D3-BF4B-00C04F79EFBC}") = "Domain", "Domain\Domain.csproj", "{44135931-7BB1-43A9-88A7-AA6D11E137A2}"
EndProject
Project("{FAE04EC0-301F-11D3-BF4B-00C04F79EFBC}") = "Application", "Application\Application.csproj", "{B0B5AE0C-05FE-4224-ADD2-92C3364D9358}"
EndProject
Project("{FAE04EC0-301F-11D3-BF4B-00C04F79EFBC}") = "Infrastructure", "Infrastructure\Infrastructure.csproj", "{12B8CDBA-63F2-4F18-BC9F-E381F4FBCA6C}"
EndProject
Project("{FAE04EC0-301F-11D3-BF4B-00C04F79EFBC}") = "Presentation", "Presentation\Presentation.csproj", "{F6B6D92E-CC17-40DB-8A6D-822FB807F8CB}"
EndProject
Project("{2150E333-8FDC-42A3-9474-1A3956D46DE8}") = "src", "src", "{D7C7B7AF-AC91-4C27-8EE7-2D142C3629EB}"
EndProject
Project("{2150E333-8FDC-42A3-9474-1A3956D46DE8}") = "unit-test", "unit-test", "{0056FD31-86DC-4F94-B2C1-E79490259909}"
EndProject
Project("{FAE04EC0-301F-11D3-BF4B-00C04F79EFBC}") = "domain.test", "domain.test\domain.test.csproj", "{7A9EB891-C15F-494F-A7FD-222F1C911BC7}"
EndProject
Project("{FAE04EC0-301F-11D3-BF4B-00C04F79EFBC}") = "application.test", "application.test\application.test.csproj", "{F01A8A9E-8A3F-4620-B911-ED1FF064F5D3}"
EndProject
Project("{FAE04EC0-301F-11D3-BF4B-00C04F79EFBC}") = "Infrastructure.Test", "Infrastructure.Test\Infrastructure.Test.csproj", "{4664029B-D67C-4B17-8C2C-3C035DBC18B8}"
EndProject
Global
	GlobalSection(SolutionConfigurationPlatforms) = preSolution
		Debug|Any CPU = Debug|Any CPU
		Release|Any CPU = Release|Any CPU
	EndGlobalSection
	GlobalSection(ProjectConfigurationPlatforms) = postSolution
		{44135931-7BB1-43A9-88A7-AA6D11E137A2}.Debug|Any CPU.ActiveCfg = Debug|Any CPU
		{44135931-7BB1-43A9-88A7-AA6D11E137A2}.Debug|Any CPU.Build.0 = Debug|Any CPU
		{44135931-7BB1-43A9-88A7-AA6D11E137A2}.Release|Any CPU.ActiveCfg = Release|Any CPU
		{44135931-7BB1-43A9-88A7-AA6D11E137A2}.Release|Any CPU.Build.0 = Release|Any CPU
		{B0B5AE0C-05FE-4224-ADD2-92C3364D9358}.Debug|Any CPU.ActiveCfg = Debug|Any CPU
		{B0B5AE0C-05FE-4224-ADD2-92C3364D9358}.Debug|Any CPU.Build.0 = Debug|Any CPU
		{B0B5AE0C-05FE-4224-ADD2-92C3364D9358}.Release|Any CPU.ActiveCfg = Release|Any CPU
		{B0B5AE0C-05FE-4224-ADD2-92C3364D9358}.Release|Any CPU.Build.0 = Release|Any CPU
		{12B8CDBA-63F2-4F18-BC9F-E381F4FBCA6C}.Debug|Any CPU.ActiveCfg = Debug|Any CPU
		{12B8CDBA-63F2-4F18-BC9F-E381F4FBCA6C}.Debug|Any CPU.Build.0 = Debug|Any CPU
		{12B8CDBA-63F2-4F18-BC9F-E381F4FBCA6C}.Release|Any CPU.ActiveCfg = Release|Any CPU
		{12B8CDBA-63F2-4F18-BC9F-E381F4FBCA6C}.Release|Any CPU.Build.0 = Release|Any CPU
		{F6B6D92E-CC17-40DB-8A6D-822FB807F8CB}.Debug|Any CPU.ActiveCfg = Debug|Any CPU
		{F6B6D92E-CC17-40DB-8A6D-822FB807F8CB}.Debug|Any CPU.Build.0 = Debug|Any CPU
		{F6B6D92E-CC17-40DB-8A6D-822FB807F8CB}.Release|Any CPU.ActiveCfg = Release|Any CPU
		{F6B6D92E-CC17-40DB-8A6D-822FB807F8CB}.Release|Any CPU.Build.0 = Release|Any CPU
		{7A9EB891-C15F-494F-A7FD-222F1C911BC7}.Debug|Any CPU.ActiveCfg = Debug|Any CPU
		{7A9EB891-C15F-494F-A7FD-222F1C911BC7}.Debug|Any CPU.Build.0 = Debug|Any CPU
		{7A9EB891-C15F-494F-A7FD-222F1C911BC7}.Release|Any CPU.ActiveCfg = Release|Any CPU
		{7A9EB891-C15F-494F-A7FD-222F1C911BC7}.Release|Any CPU.Build.0 = Release|Any CPU
		{F01A8A9E-8A3F-4620-B911-ED1FF064F5D3}.Debug|Any CPU.ActiveCfg = Debug|Any CPU
		{F01A8A9E-8A3F-4620-B911-ED1FF064F5D3}.Debug|Any CPU.Build.0 = Debug|Any CPU
		{F01A8A9E-8A3F-4620-B911-ED1FF064F5D3}.Release|Any CPU.ActiveCfg = Release|Any CPU
		{F01A8A9E-8A3F-4620-B911-ED1FF064F5D3}.Release|Any CPU.Build.0 = Release|Any CPU
		{4664029B-D67C-4B17-8C2C-3C035DBC18B8}.Debug|Any CPU.ActiveCfg = Debug|Any CPU
		{4664029B-D67C-4B17-8C2C-3C035DBC18B8}.Debug|Any CPU.Build.0 = Debug|Any CPU
		{4664029B-D67C-4B17-8C2C-3C035DBC18B8}.Release|Any CPU.ActiveCfg = Release|Any CPU
		{4664029B-D67C-4B17-8C2C-3C035DBC18B8}.Release|Any CPU.Build.0 = Release|Any CPU
	EndGlobalSection
	GlobalSection(NestedProjects) = preSolution
		{B0B5AE0C-05FE-4224-ADD2-92C3364D9358} = {D7C7B7AF-AC91-4C27-8EE7-2D142C3629EB}
		{44135931-7BB1-43A9-88A7-AA6D11E137A2} = {D7C7B7AF-AC91-4C27-8EE7-2D142C3629EB}
		{12B8CDBA-63F2-4F18-BC9F-E381F4FBCA6C} = {D7C7B7AF-AC91-4C27-8EE7-2D142C3629EB}
		{F6B6D92E-CC17-40DB-8A6D-822FB807F8CB} = {D7C7B7AF-AC91-4C27-8EE7-2D142C3629EB}
		{7A9EB891-C15F-494F-A7FD-222F1C911BC7} = {0056FD31-86DC-4F94-B2C1-E79490259909}
		{F01A8A9E-8A3F-4620-B911-ED1FF064F5D3} = {0056FD31-86DC-4F94-B2C1-E79490259909}
		{4664029B-D67C-4B17-8C2C-3C035DBC18B8} = {0056FD31-86DC-4F94-B2C1-E79490259909}
	EndGlobalSection
EndGlobal
