
Microsoft Visual Studio Solution File, Format Version 12.00
Project("{FAE04EC0-301F-11D3-BF4B-00C04F79EFBC}") = "Domain", "Domain\Domain.csproj", "{44135931-7BB1-43A9-88A7-AA6D11E137A2}"
EndProject
Project("{FAE04EC0-301F-11D3-BF4B-00C04F79EFBC}") = "Application", "Application\Application.csproj", "{B0B5AE0C-05FE-4224-ADD2-92C3364D9358}"
EndProject
Global
	GlobalSection(SolutionConfigurationPlatforms) = preSolution
		Debug|Any CPU = Debug|Any CPU
		Release|Any CPU = Release|Any CPU
	EndGlobalSection
	GlobalSection(ProjectConfigurationPlatforms) = postSolution
		{44135931-7BB1-43A9-88A7-AA6D11E137A2}.Debug|Any CPU.ActiveCfg = Debug|Any CPU
		{44135931-7BB1-43A9-88A7-AA6D11E137A2}.Debug|Any CPU.Build.0 = Debug|Any CPU
		{44135931-7BB1-43A9-88A7-AA6D11E137A2}.Release|Any CPU.ActiveCfg = Release|Any CPU
		{44135931-7BB1-43A9-88A7-AA6D11E137A2}.Release|Any CPU.Build.0 = Release|Any CPU
		{B0B5AE0C-05FE-4224-ADD2-92C3364D9358}.Debug|Any CPU.ActiveCfg = Debug|Any CPU
		{B0B5AE0C-05FE-4224-ADD2-92C3364D9358}.Debug|Any CPU.Build.0 = Debug|Any CPU
		{B0B5AE0C-05FE-4224-ADD2-92C3364D9358}.Release|Any CPU.ActiveCfg = Release|Any CPU
		{B0B5AE0C-05FE-4224-ADD2-92C3364D9358}.Release|Any CPU.Build.0 = Release|Any CPU
	EndGlobalSection
EndGlobal
